
Microsoft Visual Studio Solution File, Format Version 12.00
# Visual Studio Version 17
VisualStudioVersion = 17.8.34322.80
MinimumVisualStudioVersion = 10.0.40219.1
Project("{FAE04EC0-301F-11D3-BF4B-00C04F79EFBC}") = "Agenda", "Agenda\Agenda.csproj", "{94383FF9-F9E4-48ED-A20E-0492BF97E156}"
EndProject
Global
	GlobalSection(SolutionConfigurationPlatforms) = preSolution
		Debug|Any CPU = Debug|Any CPU
		Release|Any CPU = Release|Any CPU
	EndGlobalSection
	GlobalSection(ProjectConfigurationPlatforms) = postSolution
		{94383FF9-F9E4-48ED-A20E-0492BF97E156}.Debug|Any CPU.ActiveCfg = Debug|Any CPU
		{94383FF9-F9E4-48ED-A20E-0492BF97E156}.Debug|Any CPU.Build.0 = Debug|Any CPU
		{94383FF9-F9E4-48ED-A20E-0492BF97E156}.Release|Any CPU.ActiveCfg = Release|Any CPU
		{94383FF9-F9E4-48ED-A20E-0492BF97E156}.Release|Any CPU.Build.0 = Release|Any CPU
	EndGlobalSection
	GlobalSection(SolutionProperties) = preSolution
		HideSolutionNode = FALSE
	EndGlobalSection
	GlobalSection(ExtensibilityGlobals) = postSolution
		SolutionGuid = {BD7A3D22-2541-4B7C-887B-A201A4360861}
	EndGlobalSection
EndGlobal
